// !$*UTF8*$!
{
	archiveVersion = 1;
	classes = {
	};
	objectVersion = 48;
	objects = {

/* Begin PBXBuildFile section */
		841A9DCC1F8F4F7100BCBCDD /* XZPageScrollView.m in Sources */ = {isa = PBXBuildFile; fileRef = 841A9DCB1F8F4F7100BCBCDD /* XZPageScrollView.m */; };
		841A9DCD1F8F4F7100BCBCDD /* XZPageScrollView.m in Sources */ = {isa = PBXBuildFile; fileRef = 841A9DCB1F8F4F7100BCBCDD /* XZPageScrollView.m */; };
		841A9DCE1F8F630400BCBCDD /* NSData+ImageContentType.m in Sources */ = {isa = PBXBuildFile; fileRef = 845C9AE01F8DEC7B00940E7F /* NSData+ImageContentType.m */; };
		841A9DCF1F8F630900BCBCDD /* NSImage+WebCache.m in Sources */ = {isa = PBXBuildFile; fileRef = 845C9AE21F8DEC7B00940E7F /* NSImage+WebCache.m */; };
		841A9DD01F8F630D00BCBCDD /* SDImageCache.m in Sources */ = {isa = PBXBuildFile; fileRef = 845C9AE41F8DEC7B00940E7F /* SDImageCache.m */; };
		841A9DD11F8F631500BCBCDD /* SDImageCacheConfig.m in Sources */ = {isa = PBXBuildFile; fileRef = 845C9AE61F8DEC7B00940E7F /* SDImageCacheConfig.m */; };
		841A9DD21F8F631A00BCBCDD /* SDWebImageCompat.m in Sources */ = {isa = PBXBuildFile; fileRef = 845C9AE81F8DEC7B00940E7F /* SDWebImageCompat.m */; };
		841A9DD31F8F631F00BCBCDD /* SDWebImageDecoder.m in Sources */ = {isa = PBXBuildFile; fileRef = 845C9AEA1F8DEC7B00940E7F /* SDWebImageDecoder.m */; };
		841A9DD41F8F632300BCBCDD /* SDWebImageDownloader.m in Sources */ = {isa = PBXBuildFile; fileRef = 845C9AEC1F8DEC7B00940E7F /* SDWebImageDownloader.m */; };
		841A9DD51F8F632800BCBCDD /* SDWebImageDownloaderOperation.m in Sources */ = {isa = PBXBuildFile; fileRef = 845C9AEE1F8DEC7B00940E7F /* SDWebImageDownloaderOperation.m */; };
		841A9DD61F8F632C00BCBCDD /* SDWebImageManager.m in Sources */ = {isa = PBXBuildFile; fileRef = 845C9AF01F8DEC7B00940E7F /* SDWebImageManager.m */; };
		841A9DD71F8F633000BCBCDD /* SDWebImagePrefetcher.m in Sources */ = {isa = PBXBuildFile; fileRef = 845C9AF31F8DEC7B00940E7F /* SDWebImagePrefetcher.m */; };
		841A9DD81F8F633300BCBCDD /* UIButton+WebCache.m in Sources */ = {isa = PBXBuildFile; fileRef = 845C9AF51F8DEC7B00940E7F /* UIButton+WebCache.m */; };
		841A9DD91F8F633800BCBCDD /* UIImage+GIF.m in Sources */ = {isa = PBXBuildFile; fileRef = 845C9AF71F8DEC7B00940E7F /* UIImage+GIF.m */; };
		841A9DDA1F8F633B00BCBCDD /* UIImage+MultiFormat.m in Sources */ = {isa = PBXBuildFile; fileRef = 845C9AF91F8DEC7B00940E7F /* UIImage+MultiFormat.m */; };
		841A9DDB1F8F634000BCBCDD /* UIImageView+HighlightedWebCache.m in Sources */ = {isa = PBXBuildFile; fileRef = 845C9AFB1F8DEC7B00940E7F /* UIImageView+HighlightedWebCache.m */; };
		841A9DDC1F8F634300BCBCDD /* UIImageView+WebCache.m in Sources */ = {isa = PBXBuildFile; fileRef = 845C9AFD1F8DEC7B00940E7F /* UIImageView+WebCache.m */; };
		841A9DDD1F8F634700BCBCDD /* UIView+WebCache.m in Sources */ = {isa = PBXBuildFile; fileRef = 845C9AFF1F8DEC7B00940E7F /* UIView+WebCache.m */; };
		841A9DDE1F8F634C00BCBCDD /* UIView+WebCacheOperation.m in Sources */ = {isa = PBXBuildFile; fileRef = 845C9B011F8DEC7B00940E7F /* UIView+WebCacheOperation.m */; };
		844B58061F8DA72B00DF48DE /* AppDelegate.m in Sources */ = {isa = PBXBuildFile; fileRef = 844B58051F8DA72B00DF48DE /* AppDelegate.m */; };
		844B58091F8DA72B00DF48DE /* ViewController.m in Sources */ = {isa = PBXBuildFile; fileRef = 844B58081F8DA72B00DF48DE /* ViewController.m */; };
		844B580E1F8DA72B00DF48DE /* Assets.xcassets in Resources */ = {isa = PBXBuildFile; fileRef = 844B580D1F8DA72B00DF48DE /* Assets.xcassets */; };
		844B58141F8DA72C00DF48DE /* main.m in Sources */ = {isa = PBXBuildFile; fileRef = 844B58131F8DA72C00DF48DE /* main.m */; };
		844B581E1F8DA72C00DF48DE /* XZScrollViewTests.m in Sources */ = {isa = PBXBuildFile; fileRef = 844B581D1F8DA72C00DF48DE /* XZScrollViewTests.m */; };
		844B582A1F8DAD7C00DF48DE /* XZScrollViewController.m in Sources */ = {isa = PBXBuildFile; fileRef = 844B58291F8DAD7C00DF48DE /* XZScrollViewController.m */; };
		844B582B1F8DAD7C00DF48DE /* XZScrollViewController.m in Sources */ = {isa = PBXBuildFile; fileRef = 844B58291F8DAD7C00DF48DE /* XZScrollViewController.m */; };
		844B582E1F8DC4D400DF48DE /* XZScrollView.m in Sources */ = {isa = PBXBuildFile; fileRef = 844B582D1F8DC4D400DF48DE /* XZScrollView.m */; };
		844B582F1F8DC4D400DF48DE /* XZScrollView.m in Sources */ = {isa = PBXBuildFile; fileRef = 844B582D1F8DC4D400DF48DE /* XZScrollView.m */; };
/* End PBXBuildFile section */

/* Begin PBXContainerItemProxy section */
		844B581A1F8DA72C00DF48DE /* PBXContainerItemProxy */ = {
			isa = PBXContainerItemProxy;
			containerPortal = 844B57F91F8DA72B00DF48DE /* Project object */;
			proxyType = 1;
			remoteGlobalIDString = 844B58001F8DA72B00DF48DE;
			remoteInfo = XZScrollView;
		};
/* End PBXContainerItemProxy section */

/* Begin PBXFileReference section */
		841A9DCA1F8F4F7100BCBCDD /* XZPageScrollView.h */ = {isa = PBXFileReference; lastKnownFileType = sourcecode.c.h; path = XZPageScrollView.h; sourceTree = "<group>"; };
		841A9DCB1F8F4F7100BCBCDD /* XZPageScrollView.m */ = {isa = PBXFileReference; lastKnownFileType = sourcecode.c.objc; path = XZPageScrollView.m; sourceTree = "<group>"; };
		844B58011F8DA72B00DF48DE /* XZScrollView.app */ = {isa = PBXFileReference; explicitFileType = wrapper.application; includeInIndex = 0; path = XZScrollView.app; sourceTree = BUILT_PRODUCTS_DIR; };
		844B58041F8DA72B00DF48DE /* AppDelegate.h */ = {isa = PBXFileReference; lastKnownFileType = sourcecode.c.h; path = AppDelegate.h; sourceTree = "<group>"; };
		844B58051F8DA72B00DF48DE /* AppDelegate.m */ = {isa = PBXFileReference; lastKnownFileType = sourcecode.c.objc; path = AppDelegate.m; sourceTree = "<group>"; };
		844B58071F8DA72B00DF48DE /* ViewController.h */ = {isa = PBXFileReference; lastKnownFileType = sourcecode.c.h; path = ViewController.h; sourceTree = "<group>"; };
		844B58081F8DA72B00DF48DE /* ViewController.m */ = {isa = PBXFileReference; lastKnownFileType = sourcecode.c.objc; path = ViewController.m; sourceTree = "<group>"; };
		844B580D1F8DA72B00DF48DE /* Assets.xcassets */ = {isa = PBXFileReference; lastKnownFileType = folder.assetcatalog; path = Assets.xcassets; sourceTree = "<group>"; };
		844B58121F8DA72C00DF48DE /* Info.plist */ = {isa = PBXFileReference; lastKnownFileType = text.plist.xml; path = Info.plist; sourceTree = "<group>"; };
		844B58131F8DA72C00DF48DE /* main.m */ = {isa = PBXFileReference; lastKnownFileType = sourcecode.c.objc; path = main.m; sourceTree = "<group>"; };
		844B58191F8DA72C00DF48DE /* XZScrollViewTests.xctest */ = {isa = PBXFileReference; explicitFileType = wrapper.cfbundle; includeInIndex = 0; path = XZScrollViewTests.xctest; sourceTree = BUILT_PRODUCTS_DIR; };
		844B581D1F8DA72C00DF48DE /* XZScrollViewTests.m */ = {isa = PBXFileReference; lastKnownFileType = sourcecode.c.objc; path = XZScrollViewTests.m; sourceTree = "<group>"; };
		844B581F1F8DA72C00DF48DE /* Info.plist */ = {isa = PBXFileReference; lastKnownFileType = text.plist.xml; path = Info.plist; sourceTree = "<group>"; };
		844B58281F8DAD7C00DF48DE /* XZScrollViewController.h */ = {isa = PBXFileReference; lastKnownFileType = sourcecode.c.h; path = XZScrollViewController.h; sourceTree = "<group>"; };
		844B58291F8DAD7C00DF48DE /* XZScrollViewController.m */ = {isa = PBXFileReference; lastKnownFileType = sourcecode.c.objc; path = XZScrollViewController.m; sourceTree = "<group>"; };
		844B582C1F8DC4D400DF48DE /* XZScrollView.h */ = {isa = PBXFileReference; lastKnownFileType = sourcecode.c.h; path = XZScrollView.h; sourceTree = "<group>"; };
		844B582D1F8DC4D400DF48DE /* XZScrollView.m */ = {isa = PBXFileReference; lastKnownFileType = sourcecode.c.objc; path = XZScrollView.m; sourceTree = "<group>"; };
		845C9ADF1F8DEC7B00940E7F /* NSData+ImageContentType.h */ = {isa = PBXFileReference; lastKnownFileType = sourcecode.c.h; path = "NSData+ImageContentType.h"; sourceTree = "<group>"; };
		845C9AE01F8DEC7B00940E7F /* NSData+ImageContentType.m */ = {isa = PBXFileReference; lastKnownFileType = sourcecode.c.objc; path = "NSData+ImageContentType.m"; sourceTree = "<group>"; };
		845C9AE11F8DEC7B00940E7F /* NSImage+WebCache.h */ = {isa = PBXFileReference; lastKnownFileType = sourcecode.c.h; path = "NSImage+WebCache.h"; sourceTree = "<group>"; };
		845C9AE21F8DEC7B00940E7F /* NSImage+WebCache.m */ = {isa = PBXFileReference; lastKnownFileType = sourcecode.c.objc; path = "NSImage+WebCache.m"; sourceTree = "<group>"; };
		845C9AE31F8DEC7B00940E7F /* SDImageCache.h */ = {isa = PBXFileReference; lastKnownFileType = sourcecode.c.h; path = SDImageCache.h; sourceTree = "<group>"; };
		845C9AE41F8DEC7B00940E7F /* SDImageCache.m */ = {isa = PBXFileReference; lastKnownFileType = sourcecode.c.objc; path = SDImageCache.m; sourceTree = "<group>"; };
		845C9AE51F8DEC7B00940E7F /* SDImageCacheConfig.h */ = {isa = PBXFileReference; lastKnownFileType = sourcecode.c.h; path = SDImageCacheConfig.h; sourceTree = "<group>"; };
		845C9AE61F8DEC7B00940E7F /* SDImageCacheConfig.m */ = {isa = PBXFileReference; lastKnownFileType = sourcecode.c.objc; path = SDImageCacheConfig.m; sourceTree = "<group>"; };
		845C9AE71F8DEC7B00940E7F /* SDWebImageCompat.h */ = {isa = PBXFileReference; lastKnownFileType = sourcecode.c.h; path = SDWebImageCompat.h; sourceTree = "<group>"; };
		845C9AE81F8DEC7B00940E7F /* SDWebImageCompat.m */ = {isa = PBXFileReference; lastKnownFileType = sourcecode.c.objc; path = SDWebImageCompat.m; sourceTree = "<group>"; };
		845C9AE91F8DEC7B00940E7F /* SDWebImageDecoder.h */ = {isa = PBXFileReference; lastKnownFileType = sourcecode.c.h; path = SDWebImageDecoder.h; sourceTree = "<group>"; };
		845C9AEA1F8DEC7B00940E7F /* SDWebImageDecoder.m */ = {isa = PBXFileReference; lastKnownFileType = sourcecode.c.objc; path = SDWebImageDecoder.m; sourceTree = "<group>"; };
		845C9AEB1F8DEC7B00940E7F /* SDWebImageDownloader.h */ = {isa = PBXFileReference; lastKnownFileType = sourcecode.c.h; path = SDWebImageDownloader.h; sourceTree = "<group>"; };
		845C9AEC1F8DEC7B00940E7F /* SDWebImageDownloader.m */ = {isa = PBXFileReference; lastKnownFileType = sourcecode.c.objc; path = SDWebImageDownloader.m; sourceTree = "<group>"; };
		845C9AED1F8DEC7B00940E7F /* SDWebImageDownloaderOperation.h */ = {isa = PBXFileReference; lastKnownFileType = sourcecode.c.h; path = SDWebImageDownloaderOperation.h; sourceTree = "<group>"; };
		845C9AEE1F8DEC7B00940E7F /* SDWebImageDownloaderOperation.m */ = {isa = PBXFileReference; lastKnownFileType = sourcecode.c.objc; path = SDWebImageDownloaderOperation.m; sourceTree = "<group>"; };
		845C9AEF1F8DEC7B00940E7F /* SDWebImageManager.h */ = {isa = PBXFileReference; lastKnownFileType = sourcecode.c.h; path = SDWebImageManager.h; sourceTree = "<group>"; };
		845C9AF01F8DEC7B00940E7F /* SDWebImageManager.m */ = {isa = PBXFileReference; lastKnownFileType = sourcecode.c.objc; path = SDWebImageManager.m; sourceTree = "<group>"; };
		845C9AF11F8DEC7B00940E7F /* SDWebImageOperation.h */ = {isa = PBXFileReference; lastKnownFileType = sourcecode.c.h; path = SDWebImageOperation.h; sourceTree = "<group>"; };
		845C9AF21F8DEC7B00940E7F /* SDWebImagePrefetcher.h */ = {isa = PBXFileReference; lastKnownFileType = sourcecode.c.h; path = SDWebImagePrefetcher.h; sourceTree = "<group>"; };
		845C9AF31F8DEC7B00940E7F /* SDWebImagePrefetcher.m */ = {isa = PBXFileReference; lastKnownFileType = sourcecode.c.objc; path = SDWebImagePrefetcher.m; sourceTree = "<group>"; };
		845C9AF41F8DEC7B00940E7F /* UIButton+WebCache.h */ = {isa = PBXFileReference; lastKnownFileType = sourcecode.c.h; path = "UIButton+WebCache.h"; sourceTree = "<group>"; };
		845C9AF51F8DEC7B00940E7F /* UIButton+WebCache.m */ = {isa = PBXFileReference; lastKnownFileType = sourcecode.c.objc; path = "UIButton+WebCache.m"; sourceTree = "<group>"; };
		845C9AF61F8DEC7B00940E7F /* UIImage+GIF.h */ = {isa = PBXFileReference; lastKnownFileType = sourcecode.c.h; path = "UIImage+GIF.h"; sourceTree = "<group>"; };
		845C9AF71F8DEC7B00940E7F /* UIImage+GIF.m */ = {isa = PBXFileReference; lastKnownFileType = sourcecode.c.objc; path = "UIImage+GIF.m"; sourceTree = "<group>"; };
		845C9AF81F8DEC7B00940E7F /* UIImage+MultiFormat.h */ = {isa = PBXFileReference; lastKnownFileType = sourcecode.c.h; path = "UIImage+MultiFormat.h"; sourceTree = "<group>"; };
		845C9AF91F8DEC7B00940E7F /* UIImage+MultiFormat.m */ = {isa = PBXFileReference; lastKnownFileType = sourcecode.c.objc; path = "UIImage+MultiFormat.m"; sourceTree = "<group>"; };
		845C9AFA1F8DEC7B00940E7F /* UIImageView+HighlightedWebCache.h */ = {isa = PBXFileReference; lastKnownFileType = sourcecode.c.h; path = "UIImageView+HighlightedWebCache.h"; sourceTree = "<group>"; };
		845C9AFB1F8DEC7B00940E7F /* UIImageView+HighlightedWebCache.m */ = {isa = PBXFileReference; lastKnownFileType = sourcecode.c.objc; path = "UIImageView+HighlightedWebCache.m"; sourceTree = "<group>"; };
		845C9AFC1F8DEC7B00940E7F /* UIImageView+WebCache.h */ = {isa = PBXFileReference; lastKnownFileType = sourcecode.c.h; path = "UIImageView+WebCache.h"; sourceTree = "<group>"; };
		845C9AFD1F8DEC7B00940E7F /* UIImageView+WebCache.m */ = {isa = PBXFileReference; lastKnownFileType = sourcecode.c.objc; path = "UIImageView+WebCache.m"; sourceTree = "<group>"; };
		845C9AFE1F8DEC7B00940E7F /* UIView+WebCache.h */ = {isa = PBXFileReference; lastKnownFileType = sourcecode.c.h; path = "UIView+WebCache.h"; sourceTree = "<group>"; };
		845C9AFF1F8DEC7B00940E7F /* UIView+WebCache.m */ = {isa = PBXFileReference; lastKnownFileType = sourcecode.c.objc; path = "UIView+WebCache.m"; sourceTree = "<group>"; };
		845C9B001F8DEC7B00940E7F /* UIView+WebCacheOperation.h */ = {isa = PBXFileReference; lastKnownFileType = sourcecode.c.h; path = "UIView+WebCacheOperation.h"; sourceTree = "<group>"; };
		845C9B011F8DEC7B00940E7F /* UIView+WebCacheOperation.m */ = {isa = PBXFileReference; lastKnownFileType = sourcecode.c.objc; path = "UIView+WebCacheOperation.m"; sourceTree = "<group>"; };
/* End PBXFileReference section */

/* Begin PBXFrameworksBuildPhase section */
		844B57FE1F8DA72B00DF48DE /* Frameworks */ = {
			isa = PBXFrameworksBuildPhase;
			buildActionMask = 2147483647;
			files = (
			);
			runOnlyForDeploymentPostprocessing = 0;
		};
		844B58161F8DA72C00DF48DE /* Frameworks */ = {
			isa = PBXFrameworksBuildPhase;
			buildActionMask = 2147483647;
			files = (
			);
			runOnlyForDeploymentPostprocessing = 0;
		};
/* End PBXFrameworksBuildPhase section */

/* Begin PBXGroup section */
		844B57F81F8DA72B00DF48DE = {
			isa = PBXGroup;
			children = (
				844B58031F8DA72B00DF48DE /* XZScrollView */,
				844B581C1F8DA72C00DF48DE /* XZScrollViewTests */,
				844B58021F8DA72B00DF48DE /* Products */,
			);
			sourceTree = "<group>";
		};
		844B58021F8DA72B00DF48DE /* Products */ = {
			isa = PBXGroup;
			children = (
				844B58011F8DA72B00DF48DE /* XZScrollView.app */,
				844B58191F8DA72C00DF48DE /* XZScrollViewTests.xctest */,
			);
			name = Products;
			sourceTree = "<group>";
		};
		844B58031F8DA72B00DF48DE /* XZScrollView */ = {
			isa = PBXGroup;
			children = (
				845C9ADE1F8DEC7B00940E7F /* SDWebImage */,
				844B58041F8DA72B00DF48DE /* AppDelegate.h */,
				844B58051F8DA72B00DF48DE /* AppDelegate.m */,
				844B58071F8DA72B00DF48DE /* ViewController.h */,
				844B58081F8DA72B00DF48DE /* ViewController.m */,
				844B58281F8DAD7C00DF48DE /* XZScrollViewController.h */,
				844B58291F8DAD7C00DF48DE /* XZScrollViewController.m */,
				841A9DCA1F8F4F7100BCBCDD /* XZPageScrollView.h */,
				841A9DCB1F8F4F7100BCBCDD /* XZPageScrollView.m */,
				844B582C1F8DC4D400DF48DE /* XZScrollView.h */,
				844B582D1F8DC4D400DF48DE /* XZScrollView.m */,
				844B580D1F8DA72B00DF48DE /* Assets.xcassets */,
				844B58121F8DA72C00DF48DE /* Info.plist */,
				844B58131F8DA72C00DF48DE /* main.m */,
			);
			path = XZScrollView;
			sourceTree = "<group>";
		};
		844B581C1F8DA72C00DF48DE /* XZScrollViewTests */ = {
			isa = PBXGroup;
			children = (
				844B581D1F8DA72C00DF48DE /* XZScrollViewTests.m */,
				844B581F1F8DA72C00DF48DE /* Info.plist */,
			);
			path = XZScrollViewTests;
			sourceTree = "<group>";
		};
		845C9ADE1F8DEC7B00940E7F /* SDWebImage */ = {
			isa = PBXGroup;
			children = (
				845C9ADF1F8DEC7B00940E7F /* NSData+ImageContentType.h */,
				845C9AE01F8DEC7B00940E7F /* NSData+ImageContentType.m */,
				845C9AE11F8DEC7B00940E7F /* NSImage+WebCache.h */,
				845C9AE21F8DEC7B00940E7F /* NSImage+WebCache.m */,
				845C9AE31F8DEC7B00940E7F /* SDImageCache.h */,
				845C9AE41F8DEC7B00940E7F /* SDImageCache.m */,
				845C9AE51F8DEC7B00940E7F /* SDImageCacheConfig.h */,
				845C9AE61F8DEC7B00940E7F /* SDImageCacheConfig.m */,
				845C9AE71F8DEC7B00940E7F /* SDWebImageCompat.h */,
				845C9AE81F8DEC7B00940E7F /* SDWebImageCompat.m */,
				845C9AE91F8DEC7B00940E7F /* SDWebImageDecoder.h */,
				845C9AEA1F8DEC7B00940E7F /* SDWebImageDecoder.m */,
				845C9AEB1F8DEC7B00940E7F /* SDWebImageDownloader.h */,
				845C9AEC1F8DEC7B00940E7F /* SDWebImageDownloader.m */,
				845C9AED1F8DEC7B00940E7F /* SDWebImageDownloaderOperation.h */,
				845C9AEE1F8DEC7B00940E7F /* SDWebImageDownloaderOperation.m */,
				845C9AEF1F8DEC7B00940E7F /* SDWebImageManager.h */,
				845C9AF01F8DEC7B00940E7F /* SDWebImageManager.m */,
				845C9AF11F8DEC7B00940E7F /* SDWebImageOperation.h */,
				845C9AF21F8DEC7B00940E7F /* SDWebImagePrefetcher.h */,
				845C9AF31F8DEC7B00940E7F /* SDWebImagePrefetcher.m */,
				845C9AF41F8DEC7B00940E7F /* UIButton+WebCache.h */,
				845C9AF51F8DEC7B00940E7F /* UIButton+WebCache.m */,
				845C9AF61F8DEC7B00940E7F /* UIImage+GIF.h */,
				845C9AF71F8DEC7B00940E7F /* UIImage+GIF.m */,
				845C9AF81F8DEC7B00940E7F /* UIImage+MultiFormat.h */,
				845C9AF91F8DEC7B00940E7F /* UIImage+MultiFormat.m */,
				845C9AFA1F8DEC7B00940E7F /* UIImageView+HighlightedWebCache.h */,
				845C9AFB1F8DEC7B00940E7F /* UIImageView+HighlightedWebCache.m */,
				845C9AFC1F8DEC7B00940E7F /* UIImageView+WebCache.h */,
				845C9AFD1F8DEC7B00940E7F /* UIImageView+WebCache.m */,
				845C9AFE1F8DEC7B00940E7F /* UIView+WebCache.h */,
				845C9AFF1F8DEC7B00940E7F /* UIView+WebCache.m */,
				845C9B001F8DEC7B00940E7F /* UIView+WebCacheOperation.h */,
				845C9B011F8DEC7B00940E7F /* UIView+WebCacheOperation.m */,
			);
			path = SDWebImage;
			sourceTree = "<group>";
		};
/* End PBXGroup section */

/* Begin PBXNativeTarget section */
		844B58001F8DA72B00DF48DE /* XZScrollView */ = {
			isa = PBXNativeTarget;
			buildConfigurationList = 844B58221F8DA72C00DF48DE /* Build configuration list for PBXNativeTarget "XZScrollView" */;
			buildPhases = (
				844B57FD1F8DA72B00DF48DE /* Sources */,
				844B57FE1F8DA72B00DF48DE /* Frameworks */,
				844B57FF1F8DA72B00DF48DE /* Resources */,
			);
			buildRules = (
			);
			dependencies = (
			);
			name = XZScrollView;
			productName = XZScrollView;
			productReference = 844B58011F8DA72B00DF48DE /* XZScrollView.app */;
			productType = "com.apple.product-type.application";
		};
		844B58181F8DA72C00DF48DE /* XZScrollViewTests */ = {
			isa = PBXNativeTarget;
			buildConfigurationList = 844B58251F8DA72C00DF48DE /* Build configuration list for PBXNativeTarget "XZScrollViewTests" */;
			buildPhases = (
				844B58151F8DA72C00DF48DE /* Sources */,
				844B58161F8DA72C00DF48DE /* Frameworks */,
				844B58171F8DA72C00DF48DE /* Resources */,
			);
			buildRules = (
			);
			dependencies = (
				844B581B1F8DA72C00DF48DE /* PBXTargetDependency */,
			);
			name = XZScrollViewTests;
			productName = XZScrollViewTests;
			productReference = 844B58191F8DA72C00DF48DE /* XZScrollViewTests.xctest */;
			productType = "com.apple.product-type.bundle.unit-test";
		};
/* End PBXNativeTarget section */

/* Begin PBXProject section */
		844B57F91F8DA72B00DF48DE /* Project object */ = {
			isa = PBXProject;
			attributes = {
				LastUpgradeCheck = 0900;
				ORGANIZATIONNAME = RongTuoJinRong;
				TargetAttributes = {
					844B58001F8DA72B00DF48DE = {
						CreatedOnToolsVersion = 9.0;
						ProvisioningStyle = Automatic;
					};
					844B58181F8DA72C00DF48DE = {
						CreatedOnToolsVersion = 9.0;
						ProvisioningStyle = Automatic;
						TestTargetID = 844B58001F8DA72B00DF48DE;
					};
				};
			};
			buildConfigurationList = 844B57FC1F8DA72B00DF48DE /* Build configuration list for PBXProject "XZScrollView" */;
			compatibilityVersion = "Xcode 8.0";
			developmentRegion = en;
			hasScannedForEncodings = 0;
			knownRegions = (
				en,
				Base,
			);
			mainGroup = 844B57F81F8DA72B00DF48DE;
			productRefGroup = 844B58021F8DA72B00DF48DE /* Products */;
			projectDirPath = "";
			projectRoot = "";
			targets = (
				844B58001F8DA72B00DF48DE /* XZScrollView */,
				844B58181F8DA72C00DF48DE /* XZScrollViewTests */,
			);
		};
/* End PBXProject section */

/* Begin PBXResourcesBuildPhase section */
		844B57FF1F8DA72B00DF48DE /* Resources */ = {
			isa = PBXResourcesBuildPhase;
			buildActionMask = 2147483647;
			files = (
				844B580E1F8DA72B00DF48DE /* Assets.xcassets in Resources */,
			);
			runOnlyForDeploymentPostprocessing = 0;
		};
		844B58171F8DA72C00DF48DE /* Resources */ = {
			isa = PBXResourcesBuildPhase;
			buildActionMask = 2147483647;
			files = (
			);
			runOnlyForDeploymentPostprocessing = 0;
		};
/* End PBXResourcesBuildPhase section */

/* Begin PBXSourcesBuildPhase section */
		844B57FD1F8DA72B00DF48DE /* Sources */ = {
			isa = PBXSourcesBuildPhase;
			buildActionMask = 2147483647;
			files = (
				841A9DDE1F8F634C00BCBCDD /* UIView+WebCacheOperation.m in Sources */,
				841A9DDD1F8F634700BCBCDD /* UIView+WebCache.m in Sources */,
				841A9DDC1F8F634300BCBCDD /* UIImageView+WebCache.m in Sources */,
				841A9DDB1F8F634000BCBCDD /* UIImageView+HighlightedWebCache.m in Sources */,
				841A9DDA1F8F633B00BCBCDD /* UIImage+MultiFormat.m in Sources */,
				841A9DD91F8F633800BCBCDD /* UIImage+GIF.m in Sources */,
				841A9DD81F8F633300BCBCDD /* UIButton+WebCache.m in Sources */,
				841A9DD71F8F633000BCBCDD /* SDWebImagePrefetcher.m in Sources */,
				841A9DD61F8F632C00BCBCDD /* SDWebImageManager.m in Sources */,
				841A9DD51F8F632800BCBCDD /* SDWebImageDownloaderOperation.m in Sources */,
				841A9DD41F8F632300BCBCDD /* SDWebImageDownloader.m in Sources */,
				841A9DD31F8F631F00BCBCDD /* SDWebImageDecoder.m in Sources */,
				841A9DD21F8F631A00BCBCDD /* SDWebImageCompat.m in Sources */,
				841A9DD11F8F631500BCBCDD /* SDImageCacheConfig.m in Sources */,
				841A9DD01F8F630D00BCBCDD /* SDImageCache.m in Sources */,
				841A9DCF1F8F630900BCBCDD /* NSImage+WebCache.m in Sources */,
				841A9DCE1F8F630400BCBCDD /* NSData+ImageContentType.m in Sources */,
				841A9DCC1F8F4F7100BCBCDD /* XZPageScrollView.m in Sources */,
				844B58091F8DA72B00DF48DE /* ViewController.m in Sources */,
				844B58141F8DA72C00DF48DE /* main.m in Sources */,
				844B58061F8DA72B00DF48DE /* AppDelegate.m in Sources */,
				844B582E1F8DC4D400DF48DE /* XZScrollView.m in Sources */,
				844B582A1F8DAD7C00DF48DE /* XZScrollViewController.m in Sources */,
			);
			runOnlyForDeploymentPostprocessing = 0;
		};
		844B58151F8DA72C00DF48DE /* Sources */ = {
			isa = PBXSourcesBuildPhase;
			buildActionMask = 2147483647;
			files = (
				844B581E1F8DA72C00DF48DE /* XZScrollViewTests.m in Sources */,
				844B582B1F8DAD7C00DF48DE /* XZScrollViewController.m in Sources */,
				841A9DCD1F8F4F7100BCBCDD /* XZPageScrollView.m in Sources */,
				844B582F1F8DC4D400DF48DE /* XZScrollView.m in Sources */,
			);
			runOnlyForDeploymentPostprocessing = 0;
		};
/* End PBXSourcesBuildPhase section */

/* Begin PBXTargetDependency section */
		844B581B1F8DA72C00DF48DE /* PBXTargetDependency */ = {
			isa = PBXTargetDependency;
			target = 844B58001F8DA72B00DF48DE /* XZScrollView */;
			targetProxy = 844B581A1F8DA72C00DF48DE /* PBXContainerItemProxy */;
		};
/* End PBXTargetDependency section */

/* Begin XCBuildConfiguration section */
		844B58201F8DA72C00DF48DE /* Debug */ = {
			isa = XCBuildConfiguration;
			buildSettings = {
				ALWAYS_SEARCH_USER_PATHS = NO;
				CLANG_ANALYZER_NONNULL = YES;
				CLANG_ANALYZER_NUMBER_OBJECT_CONVERSION = YES_AGGRESSIVE;
				CLANG_CXX_LANGUAGE_STANDARD = "gnu++14";
				CLANG_CXX_LIBRARY = "libc++";
				CLANG_ENABLE_MODULES = YES;
				CLANG_ENABLE_OBJC_ARC = YES;
				CLANG_WARN_BLOCK_CAPTURE_AUTORELEASING = YES;
				CLANG_WARN_BOOL_CONVERSION = YES;
				CLANG_WARN_COMMA = YES;
				CLANG_WARN_CONSTANT_CONVERSION = YES;
				CLANG_WARN_DIRECT_OBJC_ISA_USAGE = YES_ERROR;
				CLANG_WARN_DOCUMENTATION_COMMENTS = YES;
				CLANG_WARN_EMPTY_BODY = YES;
				CLANG_WARN_ENUM_CONVERSION = YES;
				CLANG_WARN_INFINITE_RECURSION = YES;
				CLANG_WARN_INT_CONVERSION = YES;
				CLANG_WARN_NON_LITERAL_NULL_CONVERSION = YES;
				CLANG_WARN_OBJC_LITERAL_CONVERSION = YES;
				CLANG_WARN_OBJC_ROOT_CLASS = YES_ERROR;
				CLANG_WARN_RANGE_LOOP_ANALYSIS = YES;
				CLANG_WARN_STRICT_PROTOTYPES = YES;
				CLANG_WARN_SUSPICIOUS_MOVE = YES;
				CLANG_WARN_UNGUARDED_AVAILABILITY = YES_AGGRESSIVE;
				CLANG_WARN_UNREACHABLE_CODE = YES;
				CLANG_WARN__DUPLICATE_METHOD_MATCH = YES;
				CODE_SIGN_IDENTITY = "iPhone Developer";
				COPY_PHASE_STRIP = NO;
				DEBUG_INFORMATION_FORMAT = dwarf;
				ENABLE_STRICT_OBJC_MSGSEND = YES;
				ENABLE_TESTABILITY = YES;
				GCC_C_LANGUAGE_STANDARD = gnu11;
				GCC_DYNAMIC_NO_PIC = NO;
				GCC_NO_COMMON_BLOCKS = YES;
				GCC_OPTIMIZATION_LEVEL = 0;
				GCC_PREPROCESSOR_DEFINITIONS = (
					"DEBUG=1",
					"$(inherited)",
				);
				GCC_WARN_64_TO_32_BIT_CONVERSION = YES;
				GCC_WARN_ABOUT_RETURN_TYPE = YES_ERROR;
				GCC_WARN_UNDECLARED_SELECTOR = YES;
				GCC_WARN_UNINITIALIZED_AUTOS = YES_AGGRESSIVE;
				GCC_WARN_UNUSED_FUNCTION = YES;
				GCC_WARN_UNUSED_VARIABLE = YES;
				IPHONEOS_DEPLOYMENT_TARGET = 11.0;
				MTL_ENABLE_DEBUG_INFO = YES;
				ONLY_ACTIVE_ARCH = YES;
				SDKROOT = iphoneos;
			};
			name = Debug;
		};
		844B58211F8DA72C00DF48DE /* Release */ = {
			isa = XCBuildConfiguration;
			buildSettings = {
				ALWAYS_SEARCH_USER_PATHS = NO;
				CLANG_ANALYZER_NONNULL = YES;
				CLANG_ANALYZER_NUMBER_OBJECT_CONVERSION = YES_AGGRESSIVE;
				CLANG_CXX_LANGUAGE_STANDARD = "gnu++14";
				CLANG_CXX_LIBRARY = "libc++";
				CLANG_ENABLE_MODULES = YES;
				CLANG_ENABLE_OBJC_ARC = YES;
				CLANG_WARN_BLOCK_CAPTURE_AUTORELEASING = YES;
				CLANG_WARN_BOOL_CONVERSION = YES;
				CLANG_WARN_COMMA = YES;
				CLANG_WARN_CONSTANT_CONVERSION = YES;
				CLANG_WARN_DIRECT_OBJC_ISA_USAGE = YES_ERROR;
				CLANG_WARN_DOCUMENTATION_COMMENTS = YES;
				CLANG_WARN_EMPTY_BODY = YES;
				CLANG_WARN_ENUM_CONVERSION = YES;
				CLANG_WARN_INFINITE_RECURSION = YES;
				CLANG_WARN_INT_CONVERSION = YES;
				CLANG_WARN_NON_LITERAL_NULL_CONVERSION = YES;
				CLANG_WARN_OBJC_LITERAL_CONVERSION = YES;
				CLANG_WARN_OBJC_ROOT_CLASS = YES_ERROR;
				CLANG_WARN_RANGE_LOOP_ANALYSIS = YES;
				CLANG_WARN_STRICT_PROTOTYPES = YES;
				CLANG_WARN_SUSPICIOUS_MOVE = YES;
				CLANG_WARN_UNGUARDED_AVAILABILITY = YES_AGGRESSIVE;
				CLANG_WARN_UNREACHABLE_CODE = YES;
				CLANG_WARN__DUPLICATE_METHOD_MATCH = YES;
				CODE_SIGN_IDENTITY = "iPhone Developer";
				COPY_PHASE_STRIP = NO;
				DEBUG_INFORMATION_FORMAT = "dwarf-with-dsym";
				ENABLE_NS_ASSERTIONS = NO;
				ENABLE_STRICT_OBJC_MSGSEND = YES;
				GCC_C_LANGUAGE_STANDARD = gnu11;
				GCC_NO_COMMON_BLOCKS = YES;
				GCC_WARN_64_TO_32_BIT_CONVERSION = YES;
				GCC_WARN_ABOUT_RETURN_TYPE = YES_ERROR;
				GCC_WARN_UNDECLARED_SELECTOR = YES;
				GCC_WARN_UNINITIALIZED_AUTOS = YES_AGGRESSIVE;
				GCC_WARN_UNUSED_FUNCTION = YES;
				GCC_WARN_UNUSED_VARIABLE = YES;
				IPHONEOS_DEPLOYMENT_TARGET = 11.0;
				MTL_ENABLE_DEBUG_INFO = NO;
				SDKROOT = iphoneos;
				VALIDATE_PRODUCT = YES;
			};
			name = Release;
		};
		844B58231F8DA72C00DF48DE /* Debug */ = {
			isa = XCBuildConfiguration;
			buildSettings = {
				ASSETCATALOG_COMPILER_APPICON_NAME = AppIcon;
				CODE_SIGN_STYLE = Automatic;
				DEVELOPMENT_TEAM = J4ZY3DZS4W;
				INFOPLIST_FILE = XZScrollView/Info.plist;
				IPHONEOS_DEPLOYMENT_TARGET = 8.0;
				LD_RUNPATH_SEARCH_PATHS = "$(inherited) @executable_path/Frameworks";
				PRODUCT_BUNDLE_IDENTIFIER = com.rongtuojinrong.XZScrollView;
				PRODUCT_NAME = "$(TARGET_NAME)";
				TARGETED_DEVICE_FAMILY = "1,2";
			};
			name = Debug;
		};
		844B58241F8DA72C00DF48DE /* Release */ = {
			isa = XCBuildConfiguration;
			buildSettings = {
				ASSETCATALOG_COMPILER_APPICON_NAME = AppIcon;
				CODE_SIGN_STYLE = Automatic;
				DEVELOPMENT_TEAM = J4ZY3DZS4W;
				INFOPLIST_FILE = XZScrollView/Info.plist;
				IPHONEOS_DEPLOYMENT_TARGET = 8.0;
				LD_RUNPATH_SEARCH_PATHS = "$(inherited) @executable_path/Frameworks";
				PRODUCT_BUNDLE_IDENTIFIER = com.rongtuojinrong.XZScrollView;
				PRODUCT_NAME = "$(TARGET_NAME)";
				TARGETED_DEVICE_FAMILY = "1,2";
			};
			name = Release;
		};
		844B58261F8DA72C00DF48DE /* Debug */ = {
			isa = XCBuildConfiguration;
			buildSettings = {
				BUNDLE_LOADER = "$(TEST_HOST)";
				CODE_SIGN_STYLE = Automatic;
				DEVELOPMENT_TEAM = J4ZY3DZS4W;
				INFOPLIST_FILE = XZScrollViewTests/Info.plist;
				LD_RUNPATH_SEARCH_PATHS = "$(inherited) @executable_path/Frameworks @loader_path/Frameworks";
				PRODUCT_BUNDLE_IDENTIFIER = com.rongtuojinrong.XZScrollViewTests;
				PRODUCT_NAME = "$(TARGET_NAME)";
				TARGETED_DEVICE_FAMILY = "1,2";
				TEST_HOST = "$(BUILT_PRODUCTS_DIR)/XZScrollView.app/XZScrollView";
			};
			name = Debug;
		};
		844B58271F8DA72C00DF48DE /* Release */ = {
			isa = XCBuildConfiguration;
			buildSettings = {
				BUNDLE_LOADER = "$(TEST_HOST)";
				CODE_SIGN_STYLE = Automatic;
				DEVELOPMENT_TEAM = J4ZY3DZS4W;
				INFOPLIST_FILE = XZScrollViewTests/Info.plist;
				LD_RUNPATH_SEARCH_PATHS = "$(inherited) @executable_path/Frameworks @loader_path/Frameworks";
				PRODUCT_BUNDLE_IDENTIFIER = com.rongtuojinrong.XZScrollViewTests;
				PRODUCT_NAME = "$(TARGET_NAME)";
				TARGETED_DEVICE_FAMILY = "1,2";
				TEST_HOST = "$(BUILT_PRODUCTS_DIR)/XZScrollView.app/XZScrollView";
			};
			name = Release;
		};
/* End XCBuildConfiguration section */

/* Begin XCConfigurationList section */
		844B57FC1F8DA72B00DF48DE /* Build configuration list for PBXProject "XZScrollView" */ = {
			isa = XCConfigurationList;
			buildConfigurations = (
				844B58201F8DA72C00DF48DE /* Debug */,
				844B58211F8DA72C00DF48DE /* Release */,
			);
			defaultConfigurationIsVisible = 0;
			defaultConfigurationName = Release;
		};
		844B58221F8DA72C00DF48DE /* Build configuration list for PBXNativeTarget "XZScrollView" */ = {
			isa = XCConfigurationList;
			buildConfigurations = (
				844B58231F8DA72C00DF48DE /* Debug */,
				844B58241F8DA72C00DF48DE /* Release */,
			);
			defaultConfigurationIsVisible = 0;
			defaultConfigurationName = Release;
		};
		844B58251F8DA72C00DF48DE /* Build configuration list for PBXNativeTarget "XZScrollViewTests" */ = {
			isa = XCConfigurationList;
			buildConfigurations = (
				844B58261F8DA72C00DF48DE /* Debug */,
				844B58271F8DA72C00DF48DE /* Release */,
			);
			defaultConfigurationIsVisible = 0;
			defaultConfigurationName = Release;
		};
/* End XCConfigurationList section */
	};
	rootObject = 844B57F91F8DA72B00DF48DE /* Project object */;
}
